
Microsoft Visual Studio Solution File, Format Version 12.00
# Visual Studio Version 16
VisualStudioVersion = 16.0.30011.22
MinimumVisualStudioVersion = 10.0.40219.1
Project("{9A19103F-16F7-4668-BE54-9A1E7A4F7556}") = "Educar.Dados", "src\Educar.Dados\Educar.Dados.csproj", "{DCF8BD77-E63B-40C4-8834-DC717D9C5343}"
EndProject
Project("{9A19103F-16F7-4668-BE54-9A1E7A4F7556}") = "Educar.Negocio", "src\Educar.Negocio\Educar.Negocio.csproj", "{FB086B62-4F7A-47AC-97B6-2DAAE893C03F}"
EndProject
Project("{9A19103F-16F7-4668-BE54-9A1E7A4F7556}") = "Educar.Site", "src\Educar.Site\Educar.Site.csproj", "{840484D8-79BA-4420-97CD-0254923448C4}"
EndProject
Global
	GlobalSection(SolutionConfigurationPlatforms) = preSolution
		Debug|Any CPU = Debug|Any CPU
		Release|Any CPU = Release|Any CPU
	EndGlobalSection
	GlobalSection(ProjectConfigurationPlatforms) = postSolution
		{DCF8BD77-E63B-40C4-8834-DC717D9C5343}.Debug|Any CPU.ActiveCfg = Debug|Any CPU
		{DCF8BD77-E63B-40C4-8834-DC717D9C5343}.Debug|Any CPU.Build.0 = Debug|Any CPU
		{DCF8BD77-E63B-40C4-8834-DC717D9C5343}.Release|Any CPU.ActiveCfg = Release|Any CPU
		{DCF8BD77-E63B-40C4-8834-DC717D9C5343}.Release|Any CPU.Build.0 = Release|Any CPU
		{FB086B62-4F7A-47AC-97B6-2DAAE893C03F}.Debug|Any CPU.ActiveCfg = Debug|Any CPU
		{FB086B62-4F7A-47AC-97B6-2DAAE893C03F}.Debug|Any CPU.Build.0 = Debug|Any CPU
		{FB086B62-4F7A-47AC-97B6-2DAAE893C03F}.Release|Any CPU.ActiveCfg = Release|Any CPU
		{FB086B62-4F7A-47AC-97B6-2DAAE893C03F}.Release|Any CPU.Build.0 = Release|Any CPU
		{840484D8-79BA-4420-97CD-0254923448C4}.Debug|Any CPU.ActiveCfg = Debug|Any CPU
		{840484D8-79BA-4420-97CD-0254923448C4}.Debug|Any CPU.Build.0 = Debug|Any CPU
		{840484D8-79BA-4420-97CD-0254923448C4}.Release|Any CPU.ActiveCfg = Release|Any CPU
		{840484D8-79BA-4420-97CD-0254923448C4}.Release|Any CPU.Build.0 = Release|Any CPU
	EndGlobalSection
	GlobalSection(SolutionProperties) = preSolution
		HideSolutionNode = FALSE
	EndGlobalSection
	GlobalSection(ExtensibilityGlobals) = postSolution
		SolutionGuid = {BE73C618-24C4-4FDC-87DA-36692F0A7C83}
	EndGlobalSection
EndGlobal
